
Microsoft Visual Studio Solution File, Format Version 12.00
# Visual Studio 15
VisualStudioVersion = 15.0.27130.2027
MinimumVisualStudioVersion = 10.0.40219.1
Project("{FAE04EC0-301F-11D3-BF4B-00C04F79EFBC}") = "CryptoDecrypto", "CryptoDecrypto\CryptoDecrypto.csproj", "{3F28D0E2-719A-49FD-B766-ADE4D1EB01E9}"
EndProject
Global
	GlobalSection(SolutionConfigurationPlatforms) = preSolution
		Debug|Any CPU = Debug|Any CPU
		Release|Any CPU = Release|Any CPU
	EndGlobalSection
	GlobalSection(ProjectConfigurationPlatforms) = postSolution
		{3F28D0E2-719A-49FD-B766-ADE4D1EB01E9}.Debug|Any CPU.ActiveCfg = Debug|Any CPU
		{3F28D0E2-719A-49FD-B766-ADE4D1EB01E9}.Debug|Any CPU.Build.0 = Debug|Any CPU
		{3F28D0E2-719A-49FD-B766-ADE4D1EB01E9}.Release|Any CPU.ActiveCfg = Release|Any CPU
		{3F28D0E2-719A-49FD-B766-ADE4D1EB01E9}.Release|Any CPU.Build.0 = Release|Any CPU
	EndGlobalSection
	GlobalSection(SolutionProperties) = preSolution
		HideSolutionNode = FALSE
	EndGlobalSection
	GlobalSection(ExtensibilityGlobals) = postSolution
		SolutionGuid = {7EB6970F-954E-4F1B-9A90-78A35DEE1E17}
	EndGlobalSection
EndGlobal
